<?xml version="1.0" encoding="utf-8"?>
<Project ToolsVersion="4.0" xmlns="http://schemas.microsoft.com/developer/msbuild/2003">
  <ItemGroup>
    <Filter Include="Ressourcendateien">
      <UniqueIdentifier>{67DA6AB6-F800-4c08-8B7A-83BB121AAD01}</UniqueIdentifier>
      <Extensions>rc;ico;cur;bmp;dlg;rc2;rct;bin;rgs;gif;jpg;jpeg;jpe;resx;tiff;tif;png;wav;mfcribbon-ms</Extensions>
    </Filter>
    <Filter Include="Kalman Filter">
      <UniqueIdentifier>{e383792f-20a3-4cd0-953f-f5fd41aae434}</UniqueIdentifier>
    </Filter>
  </ItemGroup>
  <ItemGroup>
    <ClCompile Include="kalman_filter_projectile_demo.cpp" />
    <ClCompile Include="kalman_filter_ndim.cpp">
      <Filter>Kalman Filter</Filter>
    </ClCompile>
    <ClCompile Include="mvnrnd.cpp">
      <Filter>Kalman Filter</Filter>
    </ClCompile>
  </ItemGroup>
  <ItemGroup>
    <ClInclude Include="kalman_filter_ndim.h">
      <Filter>Kalman Filter</Filter>
    </ClInclude>
    <ClInclude Include="math_tools.h">
      <Filter>Kalman Filter</Filter>
    </ClInclude>
    <ClInclude Include="mvnrnd.h">
      <Filter>Kalman Filter</Filter>
    </ClInclude>
  </ItemGroup>
</Project>